
Microsoft Visual Studio Solution File, Format Version 12.00
# Visual Studio Version 17
VisualStudioVersion = 17.3.32819.101
MinimumVisualStudioVersion = 10.0.40219.1
Project("{8BC9CEB8-8B4A-11D0-8D11-00A0C91BC942}") = "Client", "Client\Default\Client.vcxproj", "{972342B7-BDA8-452A-88F5-44A33CF5ED07}"
EndProject
Global
	GlobalSection(SolutionConfigurationPlatforms) = preSolution
		Debug|x64 = Debug|x64
		Debug|x86 = Debug|x86
		Release|x64 = Release|x64
		Release|x86 = Release|x86
	EndGlobalSection
	GlobalSection(ProjectConfigurationPlatforms) = postSolution
		{972342B7-BDA8-452A-88F5-44A33CF5ED07}.Debug|x64.ActiveCfg = Debug|x64
		{972342B7-BDA8-452A-88F5-44A33CF5ED07}.Debug|x64.Build.0 = Debug|x64
		{972342B7-BDA8-452A-88F5-44A33CF5ED07}.Debug|x86.ActiveCfg = Debug|Win32
		{972342B7-BDA8-452A-88F5-44A33CF5ED07}.Debug|x86.Build.0 = Debug|Win32
		{972342B7-BDA8-452A-88F5-44A33CF5ED07}.Release|x64.ActiveCfg = Release|x64
		{972342B7-BDA8-452A-88F5-44A33CF5ED07}.Release|x64.Build.0 = Release|x64
		{972342B7-BDA8-452A-88F5-44A33CF5ED07}.Release|x86.ActiveCfg = Release|Win32
		{972342B7-BDA8-452A-88F5-44A33CF5ED07}.Release|x86.Build.0 = Release|Win32
	EndGlobalSection
	GlobalSection(SolutionProperties) = preSolution
		HideSolutionNode = FALSE
	EndGlobalSection
	GlobalSection(ExtensibilityGlobals) = postSolution
		SolutionGuid = {636167B2-D0DC-412B-96D0-F1F6BE1B2DAD}
	EndGlobalSection
EndGlobal
